{
    "version": "0.5",
    "requires": [
        "zstd/1.5.5#8400bcba21d1b495dca55edf3f065246%1744114239.76",
        "zlib/1.3.1#b8bc2603263cf7eccbd6e17e66b0ed76%1733936244.862",
        "xz_utils/5.4.5#b885d1d79c9d30cff3803f7f551dbe66%1724318972.064",
        "xorg/system#98f82cb669e4ebc6b4d9d8a4f3f1faf4%1725460968.361",
        "xkeyboard-config/system#9704cfadc100ffc0cfc91c8d0ec0d3aa%1741256712.506",
        "xkbcommon/1.5.0#b0c188152e83df50b6762c4f49479c74%1741781634.92",
        "wayland/1.22.0#1c16e2c8d5fa247354d2903edc7da512%1749222679.335",
        "sqlite3/3.49.1#8631739a4c9b93bd3d6b753bac548a63%1740462952.817",
        "re2/20230301#dfd6e2bf050eb90ddd8729cfb4c844a4%1748594976.604",
        "qt/6.8.3#99c03b007920380730fc7fb37ae46e7a%1749899018.255",
        "protobuf/3.21.12#d927114e28de9f4691a6bbcdd9a529d1%1747665978.828",
        "pcre2/10.42#9a35f5089feb875ec61a38eca364ce77%1743524593.693",
        "openssl/3.5.1#7884fb47cae4130ac03814e53e3c7167%1751395876.657",
        "opengl/system#7c02ea6ef926fd04844af53622a30541%1730805494.23",
        "odbc/2.3.11#84d32d803c970271eb2fc58d3e3cc2b5%1676419922.042",
        "md4c/0.4.8#27e9caa979916b4eec30472fec9e177b%1746796764.411",
        "m4/1.4.19#b38ced39a01e31fef5435bc634461fd2%1700758725.451",
        "lz4/1.9.4#4ed63aa8e019d795cd3b8c0d2dd66cda%1743433190.812",
        "libxml2/2.13.8#06138534f18dd953b35cad0dc3a08451%1747039371.412",
        "libxcrypt/4.4.36#4b4e8f20794f1997dd59eeed0b7cdcfb%1696519152.422",
        "libtool/2.4.7#a182d7ce8d4c346a19dbd4a5d532ef68%1742900203.747",
        "libsystemd/255#8e49d0c6b1d63861e3e10665cc1b7b4d%1717768446.43",
        "libselinux/3.6#5a78ff6ae5034eeaac8da723361a8ce4%1717655459.344",
        "libpq/15.4#7c113f89180dee415d80d6b5aa9bab7f%1743667704.492",
        "libpng/1.6.50#c96b3b9fa67d44545d6583bb0c348904%1751616189.701",
        "libmount/2.39.2#64850679fa9d5ead878e5076b0cab2a8%1705591482.625",
        "libiconv/1.17#1e65319e945f2d31941a9d28cc13c058%1751451666.321",
        "libffi/3.4.8#a045c00fb26779635e3bed40e80c5254%1753360042.396",
        "libcap/2.69#7ef2d60864c2e58e89db957be936dc49%1693427138.461",
        "icu/74.2#cd1937b9561b8950a2ae6311284c5813%1730226024.198",
        "harfbuzz/8.3.0#c83405ed297bad6c9e9587e2a19c686a%1713342401.259",
        "grpc/1.54.3#7a9c949c4454172f6791c080b2efc0ae%1747665961.376",
        "glib/2.78.3#ab1631d8312dedc7e1dd3706e568ed6d%1749222670.45",
        "freetype/2.13.2#5d2563803c8558d4ef47271a82c73d20%1728736671.752",
        "fontconfig/2.15.0#9242855e95c8a8b80f3bd89758a8bf97%1728293838.725",
        "fmt/11.2.0#579bb2cdf4a7607621beea4eb4651e0f%1746298708.362",
        "expat/2.7.1#b0b67ba910c5147271b444139ca06953%1743502492.76",
        "elfutils/0.190#8e8c47bd9b2578e29a0341b09b977be8%1739188192.515",
        "double-conversion/3.3.0#6ad026cf92c316c476919f7f152072d7%1744043471.91",
        "c-ares/1.34.5#b78b91e7cfb1f11ce777a285bbf169c6%1747212426.217",
        "bzip2/1.0.8#00b4a4658791c1f06914e087f0e792f5%1744702067.178",
        "brotli/1.1.0#406ce8f1c997f4ef7852fa01ff85ef9f%1743158659.041",
        "automake/1.16.5#058bda3e21c36c9aa8425daf3c1faf50%1688481772.751",
        "autoconf/2.71#51077f068e61700d65bb05541ea1e4b0%1731054366.86",
        "abseil/20230802.1#f0f91485b111dc9837a68972cb19ca7b%1748442707.536"
    ],
    "build_requires": [
        "zstd/1.5.5#8400bcba21d1b495dca55edf3f065246%1744114239.76",
        "zlib/1.3.1#b8bc2603263cf7eccbd6e17e66b0ed76%1733936244.862",
        "xz_utils/5.4.5#b885d1d79c9d30cff3803f7f551dbe66%1724318972.064",
        "wayland-protocols/1.33#e50e231235a3ed2c09f01196aa34e120%1743002532.508",
        "wayland/1.22.0#1c16e2c8d5fa247354d2903edc7da512%1749222679.335",
        "protobuf/3.21.12#d927114e28de9f4691a6bbcdd9a529d1%1747665978.828",
        "pkgconf/2.2.0#6462942a22803086372db44689ba825f%1713364853.749",
        "pkgconf/2.1.0#27f44583701117b571307cf5b5fe5605%1701537936.436",
        "pcre2/10.42#9a35f5089feb875ec61a38eca364ce77%1743524593.693",
        "ninja/1.13.0#53ff096207a5599ced46a633271b3cef%1751046277.036",
        "meson/1.4.0#2262941cc8fbb0099dd0c196ca2a6c01%1726730116.631",
        "meson/1.3.2#26ce8a76a36cc275cdfee1d757bc6561%1726730118.251",
        "meson/1.3.0#39e72c134c60664acd1368390f663f85%1726730116.956",
        "meson/1.2.2#21b73818ba96d9eea465b310b5bbc993%1726730120.212",
        "m4/1.4.19#b38ced39a01e31fef5435bc634461fd2%1700758725.451",
        "libxml2/2.13.8#06138534f18dd953b35cad0dc3a08451%1747039371.412",
        "libtool/2.4.7#a182d7ce8d4c346a19dbd4a5d532ef68%1742900203.747",
        "libselinux/3.6#5a78ff6ae5034eeaac8da723361a8ce4%1717655459.344",
        "libmount/2.39.2#64850679fa9d5ead878e5076b0cab2a8%1705591482.625",
        "libiconv/1.17#1e65319e945f2d31941a9d28cc13c058%1751451666.321",
        "libffi/3.4.8#a045c00fb26779635e3bed40e80c5254%1753360042.396",
        "gperf/3.1#1d622ad9717e9348ed3685c9994ad0b9%1709324989.76",
        "gnu-config/cci.20210814#69fde734e1a46fd1655b4af46ab40945%1746203214.947",
        "glib/2.78.3#ab1631d8312dedc7e1dd3706e568ed6d%1749222670.45",
        "gettext/0.22.5#a1f31cc77dee0345699745ef39686dd0%1750252839.982",
        "flex/2.6.4#e35bc44b3fcbcd661e0af0dc5b5b1ad4%1674818991.113",
        "expat/2.7.1#b0b67ba910c5147271b444139ca06953%1743502492.76",
        "elfutils/0.190#8e8c47bd9b2578e29a0341b09b977be8%1739188192.515",
        "cmake/3.31.8#dde3bde00bb843687e55aea5afa0e220%1751628300.59",
        "bzip2/1.0.8#00b4a4658791c1f06914e087f0e792f5%1744702067.178",
        "bison/3.8.2#ed1ba0c42d2ab7ab64fc3a62e9ecc673%1688556312.342",
        "automake/1.16.5#058bda3e21c36c9aa8425daf3c1faf50%1688481772.751",
        "autoconf/2.71#51077f068e61700d65bb05541ea1e4b0%1731054366.86"
    ],
    "python_requires": [],
    "config_requires": []
}