{
    "version": "0.5",
    "requires": [
        "zstd/1.5.5#8400bcba21d1b495dca55edf3f065246%1744114239.76",
        "zlib/1.3.1#b8bc2603263cf7eccbd6e17e66b0ed76%1733936244.862",
        "xz_utils/5.4.5#b885d1d79c9d30cff3803f7f551dbe66%1724318972.064",
        "re2/20230301#dfd6e2bf050eb90ddd8729cfb4c844a4%1748594976.604",
        "protobuf/3.21.12#d927114e28de9f4691a6bbcdd9a529d1%1747665978.828",
        "pcre2/10.42#9a35f5089feb875ec61a38eca364ce77%1743524593.693",
        "openssl/3.5.1#7884fb47cae4130ac03814e53e3c7167%1751395876.657",
        "lz4/1.9.4#4ed63aa8e019d795cd3b8c0d2dd66cda%1743433190.812",
        "libxcrypt/4.4.36#4b4e8f20794f1997dd59eeed0b7cdcfb%1696519152.422",
        "libsystemd/255#8e49d0c6b1d63861e3e10665cc1b7b4d%1717768446.43",
        "libselinux/3.6#5a78ff6ae5034eeaac8da723361a8ce4%1717655459.344",
        "libmount/2.39.2#64850679fa9d5ead878e5076b0cab2a8%1705591482.625",
        "libcap/2.69#7ef2d60864c2e58e89db957be936dc49%1693427138.461",
        "grpc/1.54.3#7a9c949c4454172f6791c080b2efc0ae%1747665961.376",
        "fmt/11.2.0#579bb2cdf4a7607621beea4eb4651e0f%1746298708.362",
        "c-ares/1.34.5#b78b91e7cfb1f11ce777a285bbf169c6%1747212426.217",
        "bzip2/1.0.8#00b4a4658791c1f06914e087f0e792f5%1744702067.178",
        "abseil/20230802.1#f0f91485b111dc9837a68972cb19ca7b%1748442707.536"
    ],
    "build_requires": [
        "zlib/1.3.1#b8bc2603263cf7eccbd6e17e66b0ed76%1733936244.862",
        "protobuf/3.21.12#d927114e28de9f4691a6bbcdd9a529d1%1747665978.828",
        "pkgconf/2.2.0#6462942a22803086372db44689ba825f%1713364853.749",
        "pkgconf/2.1.0#27f44583701117b571307cf5b5fe5605%1701537936.436",
        "ninja/1.13.0#53ff096207a5599ced46a633271b3cef%1751046277.036",
        "meson/1.4.0#2262941cc8fbb0099dd0c196ca2a6c01%1726730116.631",
        "meson/1.2.2#21b73818ba96d9eea465b310b5bbc993%1726730120.212",
        "m4/1.4.19#b38ced39a01e31fef5435bc634461fd2%1700758725.451",
        "libtool/2.4.7#a182d7ce8d4c346a19dbd4a5d532ef68%1742900203.747",
        "gperf/3.1#1d622ad9717e9348ed3685c9994ad0b9%1709324989.76",
        "gnu-config/cci.20210814#69fde734e1a46fd1655b4af46ab40945%1746203214.947",
        "flex/2.6.4#e35bc44b3fcbcd661e0af0dc5b5b1ad4%1674818991.113",
        "cmake/3.31.8#dde3bde00bb843687e55aea5afa0e220%1751628300.59",
        "automake/1.16.5#058bda3e21c36c9aa8425daf3c1faf50%1688481772.751",
        "autoconf/2.71#51077f068e61700d65bb05541ea1e4b0%1731054366.86"
    ],
    "python_requires": [],
    "config_requires": []
}