{
    "_meta": {
        "hash": {
            "sha256": "9332e43b32ac4aba897729d85756c29da3b968ee71ccac4ee7cf363343c66c0f"
        },
        "pipfile-spec": 6,
        "requires": {
            "python_version": "3.12"
        },
        "sources": [
            {
                "name": "pypi",
                "url": "https://pypi.org/simple",
                "verify_ssl": true
            }
        ]
    },
    "default": {},
    "develop": {
        "blinker": {
            "hashes": [
                "sha256:b4ce2265a7abece45e7cc896e98dbebe6cead56bcf805a3d23136d145f5445bf",
                "sha256:ba0efaa9080b619ff2f3459d1d500c57bddea4a6b424b60a91141db6fd2f08bc"
            ],
            "markers": "python_version >= '3.9'",
            "version": "==1.9.0"
        },
        "click": {
            "hashes": [
                "sha256:27c491cc05d968d271d5a1db13e3b5a184636d9d930f148c50b038f0d0646202",
                "sha256:61a3265b914e850b85317d0b3109c7f8cd35a670f963866005d6ef1d5175a12b"
            ],
            "markers": "python_version >= '3.10'",
            "version": "==8.2.1"
        },
        "flask": {
            "hashes": [
                "sha256:07aae2bb5eaf77993ef57e357491839f5fd9f4dc281593a81a9e4d79a24f295c",
                "sha256:284c7b8f2f58cb737f0cf1c30fd7eaf0ccfcde196099d24ecede3fc2005aa59e"
            ],
            "index": "pypi",
            "markers": "python_version >= '3.9'",
            "version": "==3.1.1"
        },
        "grpcio": {
            "hashes": [
                "sha256:052e28fe9c41357da42250a91926a3e2f74c046575c070b69659467ca5aa976b",
                "sha256:07f08705a5505c9b5b0cbcbabafb96462b5a15b7236bbf6bbcc6b0b91e1cbd7e",
                "sha256:0a9f3ea8dce9eae9d7cb36827200133a72b37a63896e0e61a9d5ec7d61a59ab1",
                "sha256:0ab860d5bfa788c5a021fba264802e2593688cd965d1374d31d2b1a34cacd854",
                "sha256:105492124828911f85127e4825d1c1234b032cb9d238567876b5515d01151379",
                "sha256:10af9f2ab98a39f5b6c1896c6fc2036744b5b41d12739d48bed4c3e15b6cf900",
                "sha256:1c0bf15f629b1497436596b1cbddddfa3234273490229ca29561209778ebe182",
                "sha256:1c502c2e950fc7e8bf05c047e8a14522ef7babac59abbfde6dbf46b7a0d9c71e",
                "sha256:24e06a5319e33041e322d32c62b1e728f18ab8c9dbc91729a3d9f9e3ed336642",
                "sha256:277b426a0ed341e8447fbf6c1d6b68c952adddf585ea4685aa563de0f03df887",
                "sha256:2d70f4ddd0a823436c2624640570ed6097e40935c9194482475fe8e3d9754d55",
                "sha256:303c8135d8ab176f8038c14cc10d698ae1db9c480f2b2823f7a987aa2a4c5646",
                "sha256:3841a8a5a66830261ab6a3c2a3dc539ed84e4ab019165f77b3eeb9f0ba621f26",
                "sha256:42f0660bce31b745eb9d23f094a332d31f210dcadd0fc8e5be7e4c62a87ce86b",
                "sha256:45cf17dcce5ebdb7b4fe9e86cb338fa99d7d1bb71defc78228e1ddf8d0de8cbb",
                "sha256:4a68f8c9966b94dff693670a5cf2b54888a48a5011c5d9ce2295a1a1465ee84f",
                "sha256:5b9b1805a7d61c9e90541cbe8dfe0a593dfc8c5c3a43fe623701b6a01b01d710",
                "sha256:610e19b04f452ba6f402ac9aa94eb3d21fbc94553368008af634812c4a85a99e",
                "sha256:628c30f8e77e0258ab788750ec92059fc3d6628590fb4b7cea8c102503623ed7",
                "sha256:65b0458a10b100d815a8426b1442bd17001fdb77ea13665b2f7dc9e8587fdc6b",
                "sha256:67a0468256c9db6d5ecb1fde4bf409d016f42cef649323f0a08a72f352d1358b",
                "sha256:686231cdd03a8a8055f798b2b54b19428cdf18fa1549bee92249b43607c42668",
                "sha256:68b84d65bbdebd5926eb5c53b0b9ec3b3f83408a30e4c20c373c5337b4219ec5",
                "sha256:6957025a4608bb0a5ff42abd75bfbb2ed99eda29d5992ef31d691ab54b753643",
                "sha256:6a2b372e65fad38842050943f42ce8fee00c6f2e8ea4f7754ba7478d26a356ee",
                "sha256:6a6037891cd2b1dd1406b388660522e1565ed340b1fea2955b0234bdd941a862",
                "sha256:6abfc0f9153dc4924536f40336f88bd4fe7bd7494f028675e2e04291b8c2c62a",
                "sha256:75fc8e543962ece2f7ecd32ada2d44c0c8570ae73ec92869f9af8b944863116d",
                "sha256:7fce2cd1c0c1116cf3850564ebfc3264fba75d3c74a7414373f1238ea365ef87",
                "sha256:83a6c2cce218e28f5040429835fa34a29319071079e3169f9543c3fbeff166d2",
                "sha256:89018866a096e2ce21e05eabed1567479713ebe57b1db7cbb0f1e3b896793ba4",
                "sha256:8f5a6df3fba31a3485096ac85b2e34b9666ffb0590df0cd044f58694e6a1f6b5",
                "sha256:921b25618b084e75d424a9f8e6403bfeb7abef074bb6c3174701e0f2542debcf",
                "sha256:96c112333309493c10e118d92f04594f9055774757f5d101b39f8150f8c25582",
                "sha256:ad1d958c31cc91ab050bd8a91355480b8e0683e21176522bacea225ce51163f2",
                "sha256:ad5c958cc3d98bb9d71714dc69f1c13aaf2f4b53e29d4cc3f1501ef2e4d129b2",
                "sha256:b310824ab5092cf74750ebd8a8a8981c1810cb2b363210e70d06ef37ad80d4f9",
                "sha256:b3215f69a0670a8cfa2ab53236d9e8026bfb7ead5d4baabe7d7dc11d30fda967",
                "sha256:b4adc97d2d7f5c660a5498bda978ebb866066ad10097265a5da0511323ae9f50",
                "sha256:ba2cea9f7ae4bc21f42015f0ec98f69ae4179848ad744b210e7685112fa507a1",
                "sha256:bc5eccfd9577a5dc7d5612b2ba90cca4ad14c6d949216c68585fdec9848befb1",
                "sha256:c45a28a0cfb6ddcc7dc50a29de44ecac53d115c3388b2782404218db51cb2df3",
                "sha256:c54796ca22b8349cc594d18b01099e39f2b7ffb586ad83217655781a350ce4da",
                "sha256:cce7265b9617168c2d08ae570fcc2af4eaf72e84f8c710ca657cc546115263af",
                "sha256:d60588ab6ba0ac753761ee0e5b30a29398306401bfbceffe7d68ebb21193f9d4",
                "sha256:d74c3f4f37b79e746271aa6cdb3a1d7e4432aea38735542b23adcabaaee0c097",
                "sha256:dc7d7fd520614fce2e6455ba89791458020a39716951c7c07694f9dbae28e9c0",
                "sha256:de18769aea47f18e782bf6819a37c1c528914bfd5683b8782b9da356506190c8",
                "sha256:ed451a0e39c8e51eb1612b78686839efd1a920666d1666c1adfdb4fd51680c0f",
                "sha256:f43ffb3bd415c57224c7427bfb9e6c46a0b6e998754bfa0d00f408e1873dcbb5",
                "sha256:f48e862aed925ae987eb7084409a80985de75243389dc9d9c271dd711e589918"
            ],
            "index": "pypi",
            "markers": "python_version >= '3.9'",
            "version": "==1.73.1"
        },
        "grpcio-tools": {
            "hashes": [
                "sha256:00eb909997fd359a39b789342b476cbe291f4dd9c01ae9887a474f35972a257e",
                "sha256:085de63843946b967ae561e7dd832fa03147f01282f462a0a0cbe1571d9ee986",
                "sha256:0acb8151ea866be5b35233877fbee6445c36644c0aa77e230c9d1b46bf34b18b",
                "sha256:0dd058c06ce95a99f78851c05db30af507227878013d46a8339e44fb24855ff7",
                "sha256:32f3a67b10728835b5ffb63fbdbe696d00e19a27561b9cf5153e72dbb93021ba",
                "sha256:344aa8973850bc36fd0ce81aa6443bd5ab41dc3a25903b36cd1e70f71ceb53c9",
                "sha256:381e684d29a5d052194e095546eef067201f5af30fd99b07b5d94766f44bf1ae",
                "sha256:393a9c80596aa2b3f05af854e23336ea8c295593bbb35d9adae3d8d7943672bd",
                "sha256:3e4b4801fabd0427fc61d50d09588a01b1cfab0ec5e8a5f5d515fbdd0891fd11",
                "sha256:4bd9ed12ce93b310f0cef304176049d0bc3b9f825e9c8c6a23e35867fed6affd",
                "sha256:4d32450a4c8a97567b32154379d97398b7eba090bce756aff57aef5d80d8c953",
                "sha256:654ecb284a592d39a85556098b8c5125163435472a20ead79b805cf91814b99e",
                "sha256:6ab1ad955e69027ef12ace4d700c5fc36341bdc2f420e87881e9d6d02af3d7b8",
                "sha256:706360c71bdd722682927a1fb517c276ccb816f1e30cb71f33553e5817dc4031",
                "sha256:784c284acda0d925052be19053d35afbf78300f4d025836d424cf632404f676a",
                "sha256:7931783ea7ac42ac57f94c5047d00a504f72fbd96118bf7df911bb0e0435fc0f",
                "sha256:7ce27e76dd61011182d39abca38bae55d8a277e9b7fe30f6d5466255baccb579",
                "sha256:7fcf9d92c710bfc93a1c0115f25e7d49a65032ff662b38b2f704668ce0a938df",
                "sha256:823e1f23c12da00f318404c4a834bb77cd150d14387dee9789ec21b335249e46",
                "sha256:84ad86332c44572305138eafa4cc30040c9a5e81826993eae8227863b700b490",
                "sha256:8e1108d37eecc73b1c4a27350a6ed921b5dda25091700c1da17cfe30761cd462",
                "sha256:914b4275be810290266e62349f2d020bb7cc6ecf9edb81da3c5cddb61a95721b",
                "sha256:948b018b6b69641b10864a3f19dd3c2b7ca3dfce4460eb836ab28b058e7deb3e",
                "sha256:9a3cb244d2bfe0d187f858c5408d17cb0e76ca60ec9a274c8fd94cc81457c7fc",
                "sha256:9bac95662dc69338edb9eb727cc3dd92342131b84b12b3e8ec6abe973d4cbf1b",
                "sha256:9bfbea79d6aec60f2587133ba766ede3dc3e229641d1a1e61d790d742a3d19eb",
                "sha256:a28eda8137d587eb30081384c256f5e5de7feda34776f89848b846da64e4be35",
                "sha256:a7811a6fc1c4b4e5438e5eb98dbd52c2dc4a69d1009001c13356e6636322d41a",
                "sha256:ab8a28c2e795520d6dc6ffd7efaef4565026dbf9b4f5270de2f3dd1ce61d2318",
                "sha256:b0f0a8611614949c906e25c225e3360551b488d10a366c96d89856bcef09f729",
                "sha256:b1581a1133552aba96a730178bc44f6f1a071f0eb81c5b6bc4c0f89f5314e2b8",
                "sha256:b19c083198f5eb15cc69c0a2f2c415540cbc636bfe76cea268e5894f34023b40",
                "sha256:b28f8606f4123edb4e6da281547465d6e449e89f0c943c376d1732dc65e6d8b3",
                "sha256:b3312bdd5952bba2ef8e4314b2e2f886fa23b2f6d605cd56097605ae65d30515",
                "sha256:b4669827716355fa913b1376b1b985855d5cfdb63443f8d18faf210180199006",
                "sha256:b49aded2b6c890ff690d960e4399a336c652315c6342232c27bd601b3705739e",
                "sha256:b5304d65c7569b21270b568e404a5a843cf027c66552a6a0978b23f137679c09",
                "sha256:bcf751d5a81c918c26adb2d6abcef71035c77d6eb9dd16afaf176ee096e22c1d",
                "sha256:bfc0b5d289e383bc7d317f0e64c9dfb59dc4bef078ecd23afa1a816358fb1473",
                "sha256:c1ff5f79f49768d4c561508b62878f27198b3420a87390e0c51969b8dbfcfca8",
                "sha256:c3e02b345cf96673dcf77599a61482f68c318a62c9cde20a5ae0882619ff8c98",
                "sha256:c50250c7248055040f89eb29ecad39d3a260a4b6d3696af1575945f7a8d5dcdc",
                "sha256:cbae6f849ad2d1f5e26cd55448b9828e678cb947fa32c8729d01998238266a6a",
                "sha256:d188dc28e069aa96bb48cb11b1338e47ebdf2e2306afa58a8162cc210172d7a8",
                "sha256:d4071f9b44564e3f75cdf0f05b10b3e8c7ea0ca5220acbf4dc50b148552eef2f",
                "sha256:d7723ff599104188cb870d01406b65e67e2493578347cc13d50e9dc372db36ef",
                "sha256:dcc17bf59b85c3676818f2219deacac0156492f32ca165e048427d2d3e6e1157",
                "sha256:dd75dde575781262b6b96cc6d0b2ac6002b2f50882bf5e06713f1bf364ee6e09",
                "sha256:e4d1027615cfb1e9b1f31f2f384251c847d68c2f3e025697e5f5c72e26ed1316",
                "sha256:f36c4b3cc42ad6ef67430639174aaf4a862d236c03c4552c4521501422bfaa26",
                "sha256:f596dbc1e46f9e739e09af553bf3c3321be3d603e579f38ffa9f2e0e4a25f4f7"
            ],
            "index": "pypi",
            "markers": "python_version >= '3.9'",
            "version": "==1.71.2"
        },
        "itsdangerous": {
            "hashes": [
                "sha256:c6242fc49e35958c8b15141343aa660db5fc54d4f13a1db01a3f5891b98700ef",
                "sha256:e0050c0b7da1eea53ffaf149c0cfbb5c6e2e2b69c4bef22c81fa6eb73e5f6173"
            ],
            "markers": "python_version >= '3.8'",
            "version": "==2.2.0"
        },
        "jinja2": {
            "hashes": [
                "sha256:0137fb05990d35f1275a587e9aee6d56da821fc83491a0fb838183be43f66d6d",
                "sha256:85ece4451f492d0c13c5dd7c13a64681a86afae63a5f347908daf103ce6d2f67"
            ],
            "markers": "python_version >= '3.7'",
            "version": "==3.1.6"
        },
        "markupsafe": {
            "hashes": [
                "sha256:0bff5e0ae4ef2e1ae4fdf2dfd5b76c75e5c2fa4132d05fc1b0dabcd20c7e28c4",
                "sha256:0f4ca02bea9a23221c0182836703cbf8930c5e9454bacce27e767509fa286a30",
                "sha256:1225beacc926f536dc82e45f8a4d68502949dc67eea90eab715dea3a21c1b5f0",
                "sha256:131a3c7689c85f5ad20f9f6fb1b866f402c445b220c19fe4308c0b147ccd2ad9",
                "sha256:15ab75ef81add55874e7ab7055e9c397312385bd9ced94920f2802310c930396",
                "sha256:1a9d3f5f0901fdec14d8d2f66ef7d035f2157240a433441719ac9a3fba440b13",
                "sha256:1c99d261bd2d5f6b59325c92c73df481e05e57f19837bdca8413b9eac4bd8028",
                "sha256:1e084f686b92e5b83186b07e8a17fc09e38fff551f3602b249881fec658d3eca",
                "sha256:2181e67807fc2fa785d0592dc2d6206c019b9502410671cc905d132a92866557",
                "sha256:2cb8438c3cbb25e220c2ab33bb226559e7afb3baec11c4f218ffa7308603c832",
                "sha256:3169b1eefae027567d1ce6ee7cae382c57fe26e82775f460f0b2778beaad66c0",
                "sha256:3809ede931876f5b2ec92eef964286840ed3540dadf803dd570c3b7e13141a3b",
                "sha256:38a9ef736c01fccdd6600705b09dc574584b89bea478200c5fbf112a6b0d5579",
                "sha256:3d79d162e7be8f996986c064d1c7c817f6df3a77fe3d6859f6f9e7be4b8c213a",
                "sha256:444dcda765c8a838eaae23112db52f1efaf750daddb2d9ca300bcae1039adc5c",
                "sha256:48032821bbdf20f5799ff537c7ac3d1fba0ba032cfc06194faffa8cda8b560ff",
                "sha256:4aa4e5faecf353ed117801a068ebab7b7e09ffb6e1d5e412dc852e0da018126c",
                "sha256:52305740fe773d09cffb16f8ed0427942901f00adedac82ec8b67752f58a1b22",
                "sha256:569511d3b58c8791ab4c2e1285575265991e6d8f8700c7be0e88f86cb0672094",
                "sha256:57cb5a3cf367aeb1d316576250f65edec5bb3be939e9247ae594b4bcbc317dfb",
                "sha256:5b02fb34468b6aaa40dfc198d813a641e3a63b98c2b05a16b9f80b7ec314185e",
                "sha256:6381026f158fdb7c72a168278597a5e3a5222e83ea18f543112b2662a9b699c5",
                "sha256:6af100e168aa82a50e186c82875a5893c5597a0c1ccdb0d8b40240b1f28b969a",
                "sha256:6c89876f41da747c8d3677a2b540fb32ef5715f97b66eeb0c6b66f5e3ef6f59d",
                "sha256:6e296a513ca3d94054c2c881cc913116e90fd030ad1c656b3869762b754f5f8a",
                "sha256:70a87b411535ccad5ef2f1df5136506a10775d267e197e4cf531ced10537bd6b",
                "sha256:7e94c425039cde14257288fd61dcfb01963e658efbc0ff54f5306b06054700f8",
                "sha256:846ade7b71e3536c4e56b386c2a47adf5741d2d8b94ec9dc3e92e5e1ee1e2225",
                "sha256:88416bd1e65dcea10bc7569faacb2c20ce071dd1f87539ca2ab364bf6231393c",
                "sha256:88b49a3b9ff31e19998750c38e030fc7bb937398b1f78cfa599aaef92d693144",
                "sha256:8c4e8c3ce11e1f92f6536ff07154f9d49677ebaaafc32db9db4620bc11ed480f",
                "sha256:8e06879fc22a25ca47312fbe7c8264eb0b662f6db27cb2d3bbbc74b1df4b9b87",
                "sha256:9025b4018f3a1314059769c7bf15441064b2207cb3f065e6ea1e7359cb46db9d",
                "sha256:93335ca3812df2f366e80509ae119189886b0f3c2b81325d39efdb84a1e2ae93",
                "sha256:9778bd8ab0a994ebf6f84c2b949e65736d5575320a17ae8984a77fab08db94cf",
                "sha256:9e2d922824181480953426608b81967de705c3cef4d1af983af849d7bd619158",
                "sha256:a123e330ef0853c6e822384873bef7507557d8e4a082961e1defa947aa59ba84",
                "sha256:a904af0a6162c73e3edcb969eeeb53a63ceeb5d8cf642fade7d39e7963a22ddb",
                "sha256:ad10d3ded218f1039f11a75f8091880239651b52e9bb592ca27de44eed242a48",
                "sha256:b424c77b206d63d500bcb69fa55ed8d0e6a3774056bdc4839fc9298a7edca171",
                "sha256:b5a6b3ada725cea8a5e634536b1b01c30bcdcd7f9c6fff4151548d5bf6b3a36c",
                "sha256:ba8062ed2cf21c07a9e295d5b8a2a5ce678b913b45fdf68c32d95d6c1291e0b6",
                "sha256:ba9527cdd4c926ed0760bc301f6728ef34d841f405abf9d4f959c478421e4efd",
                "sha256:bbcb445fa71794da8f178f0f6d66789a28d7319071af7a496d4d507ed566270d",
                "sha256:bcf3e58998965654fdaff38e58584d8937aa3096ab5354d493c77d1fdd66d7a1",
                "sha256:c0ef13eaeee5b615fb07c9a7dadb38eac06a0608b41570d8ade51c56539e509d",
                "sha256:cabc348d87e913db6ab4aa100f01b08f481097838bdddf7c7a84b7575b7309ca",
                "sha256:cdb82a876c47801bb54a690c5ae105a46b392ac6099881cdfb9f6e95e4014c6a",
                "sha256:cfad01eed2c2e0c01fd0ecd2ef42c492f7f93902e39a42fc9ee1692961443a29",
                "sha256:d16a81a06776313e817c951135cf7340a3e91e8c1ff2fac444cfd75fffa04afe",
                "sha256:d8213e09c917a951de9d09ecee036d5c7d36cb6cb7dbaece4c71a60d79fb9798",
                "sha256:e07c3764494e3776c602c1e78e298937c3315ccc9043ead7e685b7f2b8d47b3c",
                "sha256:e17c96c14e19278594aa4841ec148115f9c7615a47382ecb6b82bd8fea3ab0c8",
                "sha256:e444a31f8db13eb18ada366ab3cf45fd4b31e4db1236a4448f68778c1d1a5a2f",
                "sha256:e6a2a455bd412959b57a172ce6328d2dd1f01cb2135efda2e4576e8a23fa3b0f",
                "sha256:eaa0a10b7f72326f1372a713e73c3f739b524b3af41feb43e4921cb529f5929a",
                "sha256:eb7972a85c54febfb25b5c4b4f3af4dcc731994c7da0d8a0b4a6eb0640e1d178",
                "sha256:ee55d3edf80167e48ea11a923c7386f4669df67d7994554387f84e7d8b0a2bf0",
                "sha256:f3818cb119498c0678015754eba762e0d61e5b52d34c8b13d770f0719f7b1d79",
                "sha256:f8b3d067f2e40fe93e1ccdd6b2e1d16c43140e76f02fb1319a05cf2b79d99430",
                "sha256:fcabf5ff6eea076f859677f5f0b6b5c1a51e70a376b0579e0eadef8db48c6b50"
            ],
            "markers": "python_version >= '3.9'",
            "version": "==3.0.2"
        },
        "protobuf": {
            "hashes": [
                "sha256:3f1c6468a2cfd102ff4703976138844f78ebd1fb45f49011afc5139e9e283079",
                "sha256:3f76e3a3675b4a4d867b52e4a5f5b78a2ef9565549d4037e06cf7b0942b1d3fc",
                "sha256:470f3af547ef17847a28e1f47200a1cbf0ba3ff57b7de50d22776607cd2ea353",
                "sha256:63848923da3325e1bf7e9003d680ce6e14b07e55d0473253a690c3a8b8fd6e61",
                "sha256:6cf42630262c59b2d8de33954443d94b746c952b01434fc58a417fdbd2e84bd5",
                "sha256:6f642dc9a61782fa72b90878af134c5afe1917c89a568cd3476d758d3c3a0736",
                "sha256:7318608d56b6402d2ea7704ff1e1e4597bee46d760e7e4dd42a3d45e24b87f2e",
                "sha256:bc1463bafd4b0929216c35f437a8e28731a2b7fe3d98bb77a600efced5a15c84",
                "sha256:e38c5add5a311f2a6eb0340716ef9b039c1dfa428b28f25a7838ac329204a671",
                "sha256:ef91363ad4faba7b25d844ef1ada59ff1604184c0bcd8b39b8a6bef15e1af238",
                "sha256:fa18533a299d7ab6c55a238bf8629311439995f2e7eca5caaff08663606e9015"
            ],
            "markers": "python_version >= '3.8'",
            "version": "==5.29.5"
        },
        "protoletariat": {
            "hashes": [
                "sha256:4b0ab790a1791613d9ef1c4159e03424a7f056592ca66578ba585ae96686ee2d",
                "sha256:bfa0e663fe4c9e3584101779b8b9f5a77b8af623aa25f680e0559b7d2609039b"
            ],
            "index": "pypi",
            "markers": "python_version >= '3.8' and python_version < '4.0'",
            "version": "==3.3.10"
        },
        "setuptools": {
            "hashes": [
                "sha256:062d34222ad13e0cc312a4c02d73f059e86a4acbfbdea8f8f76b28c99f306922",
                "sha256:f36b47402ecde768dbfafc46e8e4207b4360c654f1f3bb84475f0a28628fb19c"
            ],
            "markers": "python_version >= '3.9'",
            "version": "==80.9.0"
        },
        "werkzeug": {
            "hashes": [
                "sha256:54b78bf3716d19a65be4fceccc0d1d7b89e608834989dfae50ea87564639213e",
                "sha256:60723ce945c19328679790e3282cc758aa4a6040e4bb330f53d30fa546d44746"
            ],
            "markers": "python_version >= '3.9'",
            "version": "==3.1.3"
        }
    }
}
